PODS:
  - Capacitor (6.2.1):
    - CapacitorCordova
  - CapacitorBrowser (6.0.6):
    - Capacitor
  - CapacitorCordova (6.2.1)
  - CapacitorHaptics (6.0.3):
    - Capacitor
  - CapacitorLocalNotifications (6.1.3):
    - Capacitor
  - CapacitorPreferences (6.0.4):
    - Capacitor
  - CapacitorShare (6.0.4):
    - Capacitor
  - EbarooniCapacitorCalendar (6.7.2):
    - Capacitor

DEPENDENCIES:
  - "Capacitor (from `../../node_modules/@capacitor/ios`)"
  - "CapacitorBrowser (from `../../node_modules/@capacitor/browser`)"
  - "CapacitorCordova (from `../../node_modules/@capacitor/ios`)"
  - "CapacitorHaptics (from `../../node_modules/@capacitor/haptics`)"
  - "CapacitorLocalNotifications (from `../../node_modules/@capacitor/local-notifications`)"
  - "CapacitorPreferences (from `../../node_modules/@capacitor/preferences`)"
  - "CapacitorShare (from `../../node_modules/@capacitor/share`)"
  - "EbarooniCapacitorCalendar (from `../../node_modules/@ebarooni/capacitor-calendar`)"

EXTERNAL SOURCES:
  Capacitor:
    :path: "../../node_modules/@capacitor/ios"
  CapacitorBrowser:
    :path: "../../node_modules/@capacitor/browser"
  CapacitorCordova:
    :path: "../../node_modules/@capacitor/ios"
  CapacitorHaptics:
    :path: "../../node_modules/@capacitor/haptics"
  CapacitorLocalNotifications:
    :path: "../../node_modules/@capacitor/local-notifications"
  CapacitorPreferences:
    :path: "../../node_modules/@capacitor/preferences"
  CapacitorShare:
    :path: "../../node_modules/@capacitor/share"
  EbarooniCapacitorCalendar:
    :path: "../../node_modules/@ebarooni/capacitor-calendar"

SPEC CHECKSUMS:
  Capacitor: c95400d761e376be9da6be5a05f226c0e865cebf
  CapacitorBrowser: 825163a1d6adce944ac7b9e3cab101146b5a9df8
  CapacitorCordova: 8d93e14982f440181be7304aa9559ca631d77fff
  CapacitorHaptics: 40f83026feeee9cfe36e89e9c98a3baaaf20c450
  CapacitorLocalNotifications: 801867e687c42dd2b33c1e22e08f48e6738d2f72
  CapacitorPreferences: 5848e0691b36b4bb4acc98e481ab56d451578d30
  CapacitorShare: 77ff779e3b7c6ae9fb5461e52cf7ef805d429491
  EbarooniCapacitorCalendar: fe76a0820c1a8273bf2d5bda343b61a6cb1c324f

PODFILE CHECKSUM: 7eb07fc1b54029fc212ad5bec398a70f9700a476

COCOAPODS: 1.16.2
